
Microsoft Visual Studio Solution File, Format Version 12.00
# Visual Studio Version 17
VisualStudioVersion = 17.4.33403.182
MinimumVisualStudioVersion = 10.0.40219.1
Project("{FAE04EC0-301F-11D3-BF4B-00C04F79EFBC}") = "FinancistoCloneWebV2", "FinancistoCloneWebV2\FinancistoCloneWebV2.csproj", "{D3AEE736-D3B0-4CB2-B324-59F3254B4D3A}"
EndProject
Global
	GlobalSection(SolutionConfigurationPlatforms) = preSolution
		Debug|Any CPU = Debug|Any CPU
		Release|Any CPU = Release|Any CPU
	EndGlobalSection
	GlobalSection(ProjectConfigurationPlatforms) = postSolution
		{D3AEE736-D3B0-4CB2-B324-59F3254B4D3A}.Debug|Any CPU.ActiveCfg = Debug|Any CPU
		{D3AEE736-D3B0-4CB2-B324-59F3254B4D3A}.Debug|Any CPU.Build.0 = Debug|Any CPU
		{D3AEE736-D3B0-4CB2-B324-59F3254B4D3A}.Release|Any CPU.ActiveCfg = Release|Any CPU
		{D3AEE736-D3B0-4CB2-B324-59F3254B4D3A}.Release|Any CPU.Build.0 = Release|Any CPU
	EndGlobalSection
	GlobalSection(SolutionProperties) = preSolution
		HideSolutionNode = FALSE
	EndGlobalSection
	GlobalSection(ExtensibilityGlobals) = postSolution
		SolutionGuid = {54469D52-CA52-4D26-86D2-8CD809921FAE}
	EndGlobalSection
EndGlobal
